
Microsoft Visual Studio Solution File, Format Version 12.00
# Visual Studio Version 17
VisualStudioVersion = 17.5.002.0
MinimumVisualStudioVersion = 10.0.40219.1
Project("{9A19103F-16F7-4668-BE54-9A1E7A4F7556}") = "BookStoreApi", "BookStoreApi.csproj", "{547F3BCF-6944-4F39-B274-15A3B7297DA0}"
EndProject
Global
	GlobalSection(SolutionConfigurationPlatforms) = preSolution
		Debug|Any CPU = Debug|Any CPU
		Release|Any CPU = Release|Any CPU
	EndGlobalSection
	GlobalSection(ProjectConfigurationPlatforms) = postSolution
		{547F3BCF-6944-4F39-B274-15A3B7297DA0}.Debug|Any CPU.ActiveCfg = Debug|Any CPU
		{547F3BCF-6944-4F39-B274-15A3B7297DA0}.Debug|Any CPU.Build.0 = Debug|Any CPU
		{547F3BCF-6944-4F39-B274-15A3B7297DA0}.Release|Any CPU.ActiveCfg = Release|Any CPU
		{547F3BCF-6944-4F39-B274-15A3B7297DA0}.Release|Any CPU.Build.0 = Release|Any CPU
	EndGlobalSection
	GlobalSection(SolutionProperties) = preSolution
		HideSolutionNode = FALSE
	EndGlobalSection
	GlobalSection(ExtensibilityGlobals) = postSolution
		SolutionGuid = {EC5C0E98-172B-4F32-94B6-7714BF22DAD6}
	EndGlobalSection
EndGlobal
